// !$*UTF8*$!
{
	archiveVersion = 1;
	classes = {
	};
	objectVersion = 46;
	objects = {

/* Begin PBXBuildFile section */
		22CCB0921E1F80A800CEAAE1 /* AppDelegate.swift in Sources */ = {isa = PBXBuildFile; fileRef = 22CCB0911E1F80A800CEAAE1 /* AppDelegate.swift */; };
		22CCB0941E1F80A800CEAAE1 /* ViewController.swift in Sources */ = {isa = PBXBuildFile; fileRef = 22CCB0931E1F80A800CEAAE1 /* ViewController.swift */; };
		22CCB0971E1F80A800CEAAE1 /* Main.storyboard in Resources */ = {isa = PBXBuildFile; fileRef = 22CCB0951E1F80A800CEAAE1 /* Main.storyboard */; };
		22CCB0991E1F80A800CEAAE1 /* Assets.xcassets in Resources */ = {isa = PBXBuildFile; fileRef = 22CCB0981E1F80A800CEAAE1 /* Assets.xcassets */; };
		22CCB09C1E1F80A800CEAAE1 /* LaunchScreen.storyboard in Resources */ = {isa = PBXBuildFile; fileRef = 22CCB09A1E1F80A800CEAAE1 /* LaunchScreen.storyboard */; };
		8ECE3907B0DA40751ED6D02D /* Pods_Weather.framework in Frameworks */ = {isa = PBXBuildFile; fileRef = 579B2FA018EE3EE086CC5BB0 /* Pods_Weather.framework */; };
/* End PBXBuildFile section */

/* Begin PBXFileReference section */
		22CCB08E1E1F80A800CEAAE1 /* Weather.app */ = {isa = PBXFileReference; explicitFileType = wrapper.application; includeInIndex = 0; path = Weather.app; sourceTree = BUILT_PRODUCTS_DIR; };
		22CCB0911E1F80A800CEAAE1 /* AppDelegate.swift */ = {isa = PBXFileReference; lastKnownFileType = sourcecode.swift; path = AppDelegate.swift; sourceTree = "<group>"; };
		22CCB0931E1F80A800CEAAE1 /* ViewController.swift */ = {isa = PBXFileReference; lastKnownFileType = sourcecode.swift; path = ViewController.swift; sourceTree = "<group>"; };
		22CCB0961E1F80A800CEAAE1 /* Base */ = {isa = PBXFileReference; lastKnownFileType = file.storyboard; name = Base; path = Base.lproj/Main.storyboard; sourceTree = "<group>"; };
		22CCB0981E1F80A800CEAAE1 /* Assets.xcassets */ = {isa = PBXFileReference; lastKnownFileType = folder.assetcatalog; path = Assets.xcassets; sourceTree = "<group>"; };
		22CCB09B1E1F80A800CEAAE1 /* Base */ = {isa = PBXFileReference; lastKnownFileType = file.storyboard; name = Base; path = Base.lproj/LaunchScreen.storyboard; sourceTree = "<group>"; };
		22CCB09D1E1F80A800CEAAE1 /* Info.plist */ = {isa = PBXFileReference; lastKnownFileType = text.plist.xml; path = Info.plist; sourceTree = "<group>"; };
		2E3B4901DA9C2446D7B4C399 /* Pods-Weather.release.xcconfig */ = {isa = PBXFileReference; includeInIndex = 1; lastKnownFileType = text.xcconfig; name = "Pods-Weather.release.xcconfig"; path = "Pods/Target Support Files/Pods-Weather/Pods-Weather.release.xcconfig"; sourceTree = "<group>"; };
		579B2FA018EE3EE086CC5BB0 /* Pods_Weather.framework */ = {isa = PBXFileReference; explicitFileType = wrapper.framework; includeInIndex = 0; path = Pods_Weather.framework; sourceTree = BUILT_PRODUCTS_DIR; };
		B988D2F47E11C6613F42BCF9 /* Pods-Weather.debug.xcconfig */ = {isa = PBXFileReference; includeInIndex = 1; lastKnownFileType = text.xcconfig; name = "Pods-Weather.debug.xcconfig"; path = "Pods/Target Support Files/Pods-Weather/Pods-Weather.debug.xcconfig"; sourceTree = "<group>"; };
/* End PBXFileReference section */

/* Begin PBXFrameworksBuildPhase section */
		22CCB08B1E1F80A800CEAAE1 /* Frameworks */ = {
			isa = PBXFrameworksBuildPhase;
			buildActionMask = 2147483647;
			files = (
				8ECE3907B0DA40751ED6D02D /* Pods_Weather.framework in Frameworks */,
			);
			runOnlyForDeploymentPostprocessing = 0;
		};
/* End PBXFrameworksBuildPhase section */

/* Begin PBXGroup section */
		22CCB0851E1F80A800CEAAE1 = {
			isa = PBXGroup;
			children = (
				22CCB0901E1F80A800CEAAE1 /* Weather */,
				22CCB08F1E1F80A800CEAAE1 /* Products */,
				AECFA073E1F5E76571DB1C15 /* Pods */,
				9A3E6FE15E04E2BB8BE351E6 /* Frameworks */,
			);
			sourceTree = "<group>";
		};
		22CCB08F1E1F80A800CEAAE1 /* Products */ = {
			isa = PBXGroup;
			children = (
				22CCB08E1E1F80A800CEAAE1 /* Weather.app */,
			);
			name = Products;
			sourceTree = "<group>";
		};
		22CCB0901E1F80A800CEAAE1 /* Weather */ = {
			isa = PBXGroup;
			children = (
				22CCB0911E1F80A800CEAAE1 /* AppDelegate.swift */,
				22CCB0931E1F80A800CEAAE1 /* ViewController.swift */,
				22CCB0951E1F80A800CEAAE1 /* Main.storyboard */,
				22CCB0981E1F80A800CEAAE1 /* Assets.xcassets */,
				22CCB09A1E1F80A800CEAAE1 /* LaunchScreen.storyboard */,
				22CCB09D1E1F80A800CEAAE1 /* Info.plist */,
			);
			path = Weather;
			sourceTree = "<group>";
		};
		9A3E6FE15E04E2BB8BE351E6 /* Frameworks */ = {
			isa = PBXGroup;
			children = (
				579B2FA018EE3EE086CC5BB0 /* Pods_Weather.framework */,
			);
			name = Frameworks;
			sourceTree = "<group>";
		};
		AECFA073E1F5E76571DB1C15 /* Pods */ = {
			isa = PBXGroup;
			children = (
				B988D2F47E11C6613F42BCF9 /* Pods-Weather.debug.xcconfig */,
				2E3B4901DA9C2446D7B4C399 /* Pods-Weather.release.xcconfig */,
			);
			name = Pods;
			sourceTree = "<group>";
		};
/* End PBXGroup section */

/* Begin PBXNativeTarget section */
		22CCB08D1E1F80A800CEAAE1 /* Weather */ = {
			isa = PBXNativeTarget;
			buildConfigurationList = 22CCB0A01E1F80A800CEAAE1 /* Build configuration list for PBXNativeTarget "Weather" */;
			buildPhases = (
				9F2DEEA32BD05EA4B7E1C2F2 /* [CP] Check Pods Manifest.lock */,
				22CCB08A1E1F80A800CEAAE1 /* Sources */,
				22CCB08B1E1F80A800CEAAE1 /* Frameworks */,
				22CCB08C1E1F80A800CEAAE1 /* Resources */,
				E6FE233B9B04019E5D264F31 /* [CP] Embed Pods Frameworks */,
				B2698A626A7C204DCD0BFF29 /* [CP] Copy Pods Resources */,
			);
			buildRules = (
			);
			dependencies = (
			);
			name = Weather;
			productName = Weather;
			productReference = 22CCB08E1E1F80A800CEAAE1 /* Weather.app */;
			productType = "com.apple.product-type.application";
		};
/* End PBXNativeTarget section */

/* Begin PBXProject section */
		22CCB0861E1F80A800CEAAE1 /* Project object */ = {
			isa = PBXProject;
			attributes = {
				LastSwiftUpdateCheck = 0810;
				LastUpgradeCheck = 0810;
				ORGANIZATIONNAME = "MacBook 1";
				TargetAttributes = {
					22CCB08D1E1F80A800CEAAE1 = {
						CreatedOnToolsVersion = 8.1;
						DevelopmentTeam = 6S847MQDY3;
						ProvisioningStyle = Automatic;
					};
				};
			};
			buildConfigurationList = 22CCB0891E1F80A800CEAAE1 /* Build configuration list for PBXProject "Weather" */;
			compatibilityVersion = "Xcode 3.2";
			developmentRegion = English;
			hasScannedForEncodings = 0;
			knownRegions = (
				en,
				Base,
			);
			mainGroup = 22CCB0851E1F80A800CEAAE1;
			productRefGroup = 22CCB08F1E1F80A800CEAAE1 /* Products */;
			projectDirPath = "";
			projectRoot = "";
			targets = (
				22CCB08D1E1F80A800CEAAE1 /* Weather */,
			);
		};
/* End PBXProject section */

/* Begin PBXResourcesBuildPhase section */
		22CCB08C1E1F80A800CEAAE1 /* Resources */ = {
			isa = PBXResourcesBuildPhase;
			buildActionMask = 2147483647;
			files = (
				22CCB09C1E1F80A800CEAAE1 /* LaunchScreen.storyboard in Resources */,
				22CCB0991E1F80A800CEAAE1 /* Assets.xcassets in Resources */,
				22CCB0971E1F80A800CEAAE1 /* Main.storyboard in Resources */,
			);
			runOnlyForDeploymentPostprocessing = 0;
		};
/* End PBXResourcesBuildPhase section */

/* Begin PBXShellScriptBuildPhase section */
		9F2DEEA32BD05EA4B7E1C2F2 /* [CP] Check Pods Manifest.lock */ = {
			isa = PBXShellScriptBuildPhase;
			buildActionMask = 2147483647;
			files = (
			);
			inputPaths = (
			);
			name = "[CP] Check Pods Manifest.lock";
			outputPaths = (
			);
			runOnlyForDeploymentPostprocessing = 0;
			shellPath = /bin/sh;
			shellScript = "diff \"${PODS_ROOT}/../Podfile.lock\" \"${PODS_ROOT}/Manifest.lock\" > /dev/null\nif [ $? != 0 ] ; then\n    # print error to STDERR\n    echo \"error: The sandbox is not in sync with the Podfile.lock. Run 'pod install' or update your CocoaPods installation.\" >&2\n    exit 1\nfi\n";
			showEnvVarsInLog = 0;
		};
		B2698A626A7C204DCD0BFF29 /* [CP] Copy Pods Resources */ = {
			isa = PBXShellScriptBuildPhase;
			buildActionMask = 2147483647;
			files = (
			);
			inputPaths = (
			);
			name = "[CP] Copy Pods Resources";
			outputPaths = (
			);
			runOnlyForDeploymentPostprocessing = 0;
			shellPath = /bin/sh;
			shellScript = "\"${SRCROOT}/Pods/Target Support Files/Pods-Weather/Pods-Weather-resources.sh\"\n";
			showEnvVarsInLog = 0;
		};
		E6FE233B9B04019E5D264F31 /* [CP] Embed Pods Frameworks */ = {
			isa = PBXShellScriptBuildPhase;
			buildActionMask = 2147483647;
			files = (
			);
			inputPaths = (
			);
			name = "[CP] Embed Pods Frameworks";
			outputPaths = (
			);
			runOnlyForDeploymentPostprocessing = 0;
			shellPath = /bin/sh;
			shellScript = "\"${SRCROOT}/Pods/Target Support Files/Pods-Weather/Pods-Weather-frameworks.sh\"\n";
			showEnvVarsInLog = 0;
		};
/* End PBXShellScriptBuildPhase section */

/* Begin PBXSourcesBuildPhase section */
		22CCB08A1E1F80A800CEAAE1 /* Sources */ = {
			isa = PBXSourcesBuildPhase;
			buildActionMask = 2147483647;
			files = (
				22CCB0941E1F80A800CEAAE1 /* ViewController.swift in Sources */,
				22CCB0921E1F80A800CEAAE1 /* AppDelegate.swift in Sources */,
			);
			runOnlyForDeploymentPostprocessing = 0;
		};
/* End PBXSourcesBuildPhase section */

/* Begin PBXVariantGroup section */
		22CCB0951E1F80A800CEAAE1 /* Main.storyboard */ = {
			isa = PBXVariantGroup;
			children = (
				22CCB0961E1F80A800CEAAE1 /* Base */,
			);
			name = Main.storyboard;
			sourceTree = "<group>";
		};
		22CCB09A1E1F80A800CEAAE1 /* LaunchScreen.storyboard */ = {
			isa = PBXVariantGroup;
			children = (
				22CCB09B1E1F80A800CEAAE1 /* Base */,
			);
			name = LaunchScreen.storyboard;
			sourceTree = "<group>";
		};
/* End PBXVariantGroup section */

/* Begin XCBuildConfiguration section */
		22CCB09E1E1F80A800CEAAE1 /* Debug */ = {
			isa = XCBuildConfiguration;
			buildSettings = {
				ALWAYS_SEARCH_USER_PATHS = NO;
				CLANG_ANALYZER_NONNULL = YES;
				CLANG_CXX_LANGUAGE_STANDARD = "gnu++0x";
				CLANG_CXX_LIBRARY = "libc++";
				CLANG_ENABLE_MODULES = YES;
				CLANG_ENABLE_OBJC_ARC = YES;
				CLANG_WARN_BOOL_CONVERSION = YES;
				CLANG_WARN_CONSTANT_CONVERSION = YES;
				CLANG_WARN_DIRECT_OBJC_ISA_USAGE = YES_ERROR;
				CLANG_WARN_DOCUMENTATION_COMMENTS = YES;
				CLANG_WARN_EMPTY_BODY = YES;
				CLANG_WARN_ENUM_CONVERSION = YES;
				CLANG_WARN_INFINITE_RECURSION = YES;
				CLANG_WARN_INT_CONVERSION = YES;
				CLANG_WARN_OBJC_ROOT_CLASS = YES_ERROR;
				CLANG_WARN_SUSPICIOUS_MOVES = YES;
				CLANG_WARN_UNREACHABLE_CODE = YES;
				CLANG_WARN__DUPLICATE_METHOD_MATCH = YES;
				"CODE_SIGN_IDENTITY[sdk=iphoneos*]" = "iPhone Developer";
				COPY_PHASE_STRIP = NO;
				DEBUG_INFORMATION_FORMAT = dwarf;
				ENABLE_STRICT_OBJC_MSGSEND = YES;
				ENABLE_TESTABILITY = YES;
				GCC_C_LANGUAGE_STANDARD = gnu99;
				GCC_DYNAMIC_NO_PIC = NO;
				GCC_NO_COMMON_BLOCKS = YES;
				GCC_OPTIMIZATION_LEVEL = 0;
				GCC_PREPROCESSOR_DEFINITIONS = (
					"DEBUG=1",
					"$(inherited)",
				);
				GCC_WARN_64_TO_32_BIT_CONVERSION = YES;
				GCC_WARN_ABOUT_RETURN_TYPE = YES_ERROR;
				GCC_WARN_UNDECLARED_SELECTOR = YES;
				GCC_WARN_UNINITIALIZED_AUTOS = YES_AGGRESSIVE;
				GCC_WARN_UNUSED_FUNCTION = YES;
				GCC_WARN_UNUSED_VARIABLE = YES;
				IPHONEOS_DEPLOYMENT_TARGET = 10.1;
				MTL_ENABLE_DEBUG_INFO = YES;
				ONLY_ACTIVE_ARCH = YES;
				SDKROOT = iphoneos;
				SWIFT_ACTIVE_COMPILATION_CONDITIONS = DEBUG;
				SWIFT_OPTIMIZATION_LEVEL = "-Onone";
				TARGETED_DEVICE_FAMILY = "1,2";
			};
			name = Debug;
		};
		22CCB09F1E1F80A800CEAAE1 /* Release */ = {
			isa = XCBuildConfiguration;
			buildSettings = {
				ALWAYS_SEARCH_USER_PATHS = NO;
				CLANG_ANALYZER_NONNULL = YES;
				CLANG_CXX_LANGUAGE_STANDARD = "gnu++0x";
				CLANG_CXX_LIBRARY = "libc++";
				CLANG_ENABLE_MODULES = YES;
				CLANG_ENABLE_OBJC_ARC = YES;
				CLANG_WARN_BOOL_CONVERSION = YES;
				CLANG_WARN_CONSTANT_CONVERSION = YES;
				CLANG_WARN_DIRECT_OBJC_ISA_USAGE = YES_ERROR;
				CLANG_WARN_DOCUMENTATION_COMMENTS = YES;
				CLANG_WARN_EMPTY_BODY = YES;
				CLANG_WARN_ENUM_CONVERSION = YES;
				CLANG_WARN_INFINITE_RECURSION = YES;
				CLANG_WARN_INT_CONVERSION = YES;
				CLANG_WARN_OBJC_ROOT_CLASS = YES_ERROR;
				CLANG_WARN_SUSPICIOUS_MOVES = YES;
				CLANG_WARN_UNREACHABLE_CODE = YES;
				CLANG_WARN__DUPLICATE_METHOD_MATCH = YES;
				"CODE_SIGN_IDENTITY[sdk=iphoneos*]" = "iPhone Developer";
				COPY_PHASE_STRIP = NO;
				DEBUG_INFORMATION_FORMAT = "dwarf-with-dsym";
				ENABLE_NS_ASSERTIONS = NO;
				ENABLE_STRICT_OBJC_MSGSEND = YES;
				GCC_C_LANGUAGE_STANDARD = gnu99;
				GCC_NO_COMMON_BLOCKS = YES;
				GCC_WARN_64_TO_32_BIT_CONVERSION = YES;
				GCC_WARN_ABOUT_RETURN_TYPE = YES_ERROR;
				GCC_WARN_UNDECLARED_SELECTOR = YES;
				GCC_WARN_UNINITIALIZED_AUTOS = YES_AGGRESSIVE;
				GCC_WARN_UNUSED_FUNCTION = YES;
				GCC_WARN_UNUSED_VARIABLE = YES;
				IPHONEOS_DEPLOYMENT_TARGET = 10.1;
				MTL_ENABLE_DEBUG_INFO = NO;
				SDKROOT = iphoneos;
				SWIFT_OPTIMIZATION_LEVEL = "-Owholemodule";
				TARGETED_DEVICE_FAMILY = "1,2";
				VALIDATE_PRODUCT = YES;
			};
			name = Release;
		};
		22CCB0A11E1F80A800CEAAE1 /* Debug */ = {
			isa = XCBuildConfiguration;
			baseConfigurationReference = B988D2F47E11C6613F42BCF9 /* Pods-Weather.debug.xcconfig */;
			buildSettings = {
				ASSETCATALOG_COMPILER_APPICON_NAME = AppIcon;
				DEVELOPMENT_TEAM = 6S847MQDY3;
				INFOPLIST_FILE = Weather/Info.plist;
				LD_RUNPATH_SEARCH_PATHS = "$(inherited) @executable_path/Frameworks";
				PRODUCT_BUNDLE_IDENTIFIER = "com.me-tech.my.Weather";
				PRODUCT_NAME = "$(TARGET_NAME)";
				SWIFT_VERSION = 3.0;
			};
			name = Debug;
		};
		22CCB0A21E1F80A800CEAAE1 /* Release */ = {
			isa = XCBuildConfiguration;
			baseConfigurationReference = 2E3B4901DA9C2446D7B4C399 /* Pods-Weather.release.xcconfig */;
			buildSettings = {
				ASSETCATALOG_COMPILER_APPICON_NAME = AppIcon;
				DEVELOPMENT_TEAM = 6S847MQDY3;
				INFOPLIST_FILE = Weather/Info.plist;
				LD_RUNPATH_SEARCH_PATHS = "$(inherited) @executable_path/Frameworks";
				PRODUCT_BUNDLE_IDENTIFIER = "com.me-tech.my.Weather";
				PRODUCT_NAME = "$(TARGET_NAME)";
				SWIFT_VERSION = 3.0;
			};
			name = Release;
		};
/* End XCBuildConfiguration section */

/* Begin XCConfigurationList section */
		22CCB0891E1F80A800CEAAE1 /* Build configuration list for PBXProject "Weather" */ = {
			isa = XCConfigurationList;
			buildConfigurations = (
				22CCB09E1E1F80A800CEAAE1 /* Debug */,
				22CCB09F1E1F80A800CEAAE1 /* Release */,
			);
			defaultConfigurationIsVisible = 0;
			defaultConfigurationName = Release;
		};
		22CCB0A01E1F80A800CEAAE1 /* Build configuration list for PBXNativeTarget "Weather" */ = {
			isa = XCConfigurationList;
			buildConfigurations = (
				22CCB0A11E1F80A800CEAAE1 /* Debug */,
				22CCB0A21E1F80A800CEAAE1 /* Release */,
			);
			defaultConfigurationIsVisible = 0;
		};
/* End XCConfigurationList section */
	};
	rootObject = 22CCB0861E1F80A800CEAAE1 /* Project object */;
}
